// !$*UTF8*$!
{
	archiveVersion = 1;
	classes = {
	};
	objectVersion = 46;
	objects = {

/* Begin PBXBuildFile section */
		527D9F251A9FA9F500435FB9 /* AppDelegate.swift in Sources */ = {isa = PBXBuildFile; fileRef = 527D9F241A9FA9F500435FB9 /* AppDelegate.swift */; };
		527D9F281A9FA9F500435FB9 /* Speech_Medic.xcdatamodeld in Sources */ = {isa = PBXBuildFile; fileRef = 527D9F261A9FA9F500435FB9 /* Speech_Medic.xcdatamodeld */; };
		527D9F2D1A9FA9F500435FB9 /* Main.storyboard in Resources */ = {isa = PBXBuildFile; fileRef = 527D9F2B1A9FA9F500435FB9 /* Main.storyboard */; };
		527D9F2F1A9FA9F500435FB9 /* Images.xcassets in Resources */ = {isa = PBXBuildFile; fileRef = 527D9F2E1A9FA9F500435FB9 /* Images.xcassets */; };
		527D9F321A9FA9F500435FB9 /* LaunchScreen.xib in Resources */ = {isa = PBXBuildFile; fileRef = 527D9F301A9FA9F500435FB9 /* LaunchScreen.xib */; };
		527D9F3E1A9FA9F500435FB9 /* Speech_MedicTests.swift in Sources */ = {isa = PBXBuildFile; fileRef = 527D9F3D1A9FA9F500435FB9 /* Speech_MedicTests.swift */; };
		527D9F481A9FAA6F00435FB9 /* PatientsViewController.swift in Sources */ = {isa = PBXBuildFile; fileRef = 527D9F471A9FAA6F00435FB9 /* PatientsViewController.swift */; };
/* End PBXBuildFile section */

/* Begin PBXContainerItemProxy section */
		527D9F381A9FA9F500435FB9 /* PBXContainerItemProxy */ = {
			isa = PBXContainerItemProxy;
			containerPortal = 527D9F171A9FA9F500435FB9 /* Project object */;
			proxyType = 1;
			remoteGlobalIDString = 527D9F1E1A9FA9F500435FB9;
			remoteInfo = "Speech Medic";
		};
/* End PBXContainerItemProxy section */

/* Begin PBXFileReference section */
		527D9F1F1A9FA9F500435FB9 /* Speech Medic.app */ = {isa = PBXFileReference; explicitFileType = wrapper.application; includeInIndex = 0; path = "Speech Medic.app"; sourceTree = BUILT_PRODUCTS_DIR; };
		527D9F231A9FA9F500435FB9 /* Info.plist */ = {isa = PBXFileReference; lastKnownFileType = text.plist.xml; path = Info.plist; sourceTree = "<group>"; };
		527D9F241A9FA9F500435FB9 /* AppDelegate.swift */ = {isa = PBXFileReference; lastKnownFileType = sourcecode.swift; path = AppDelegate.swift; sourceTree = "<group>"; };
		527D9F271A9FA9F500435FB9 /* Speech_Medic.xcdatamodel */ = {isa = PBXFileReference; lastKnownFileType = wrapper.xcdatamodel; path = Speech_Medic.xcdatamodel; sourceTree = "<group>"; };
		527D9F2C1A9FA9F500435FB9 /* Base */ = {isa = PBXFileReference; lastKnownFileType = file.storyboard; name = Base; path = Base.lproj/Main.storyboard; sourceTree = "<group>"; };
		527D9F2E1A9FA9F500435FB9 /* Images.xcassets */ = {isa = PBXFileReference; lastKnownFileType = folder.assetcatalog; path = Images.xcassets; sourceTree = "<group>"; };
		527D9F311A9FA9F500435FB9 /* Base */ = {isa = PBXFileReference; lastKnownFileType = file.xib; name = Base; path = Base.lproj/LaunchScreen.xib; sourceTree = "<group>"; };
		527D9F371A9FA9F500435FB9 /* Speech MedicTests.xctest */ = {isa = PBXFileReference; explicitFileType = wrapper.cfbundle; includeInIndex = 0; path = "Speech MedicTests.xctest"; sourceTree = BUILT_PRODUCTS_DIR; };
		527D9F3C1A9FA9F500435FB9 /* Info.plist */ = {isa = PBXFileReference; lastKnownFileType = text.plist.xml; path = Info.plist; sourceTree = "<group>"; };
		527D9F3D1A9FA9F500435FB9 /* Speech_MedicTests.swift */ = {isa = PBXFileReference; lastKnownFileType = sourcecode.swift; path = Speech_MedicTests.swift; sourceTree = "<group>"; };
		527D9F471A9FAA6F00435FB9 /* PatientsViewController.swift */ = {isa = PBXFileReference; fileEncoding = 4; lastKnownFileType = sourcecode.swift; path = PatientsViewController.swift; sourceTree = "<group>"; };
/* End PBXFileReference section */

/* Begin PBXFrameworksBuildPhase section */
		527D9F1C1A9FA9F500435FB9 /* Frameworks */ = {
			isa = PBXFrameworksBuildPhase;
			buildActionMask = 2147483647;
			files = (
			);
			runOnlyForDeploymentPostprocessing = 0;
		};
		527D9F341A9FA9F500435FB9 /* Frameworks */ = {
			isa = PBXFrameworksBuildPhase;
			buildActionMask = 2147483647;
			files = (
			);
			runOnlyForDeploymentPostprocessing = 0;
		};
/* End PBXFrameworksBuildPhase section */

/* Begin PBXGroup section */
		527D9F161A9FA9F500435FB9 = {
			isa = PBXGroup;
			children = (
				527D9F211A9FA9F500435FB9 /* Speech Medic */,
				527D9F3A1A9FA9F500435FB9 /* Speech MedicTests */,
				527D9F201A9FA9F500435FB9 /* Products */,
			);
			sourceTree = "<group>";
		};
		527D9F201A9FA9F500435FB9 /* Products */ = {
			isa = PBXGroup;
			children = (
				527D9F1F1A9FA9F500435FB9 /* Speech Medic.app */,
				527D9F371A9FA9F500435FB9 /* Speech MedicTests.xctest */,
			);
			name = Products;
			sourceTree = "<group>";
		};
		527D9F211A9FA9F500435FB9 /* Speech Medic */ = {
			isa = PBXGroup;
			children = (
				527D9F241A9FA9F500435FB9 /* AppDelegate.swift */,
				527D9F471A9FAA6F00435FB9 /* PatientsViewController.swift */,
				527D9F2B1A9FA9F500435FB9 /* Main.storyboard */,
				527D9F2E1A9FA9F500435FB9 /* Images.xcassets */,
				527D9F301A9FA9F500435FB9 /* LaunchScreen.xib */,
				527D9F261A9FA9F500435FB9 /* Speech_Medic.xcdatamodeld */,
				527D9F221A9FA9F500435FB9 /* Supporting Files */,
			);
			path = "Speech Medic";
			sourceTree = "<group>";
		};
		527D9F221A9FA9F500435FB9 /* Supporting Files */ = {
			isa = PBXGroup;
			children = (
				527D9F231A9FA9F500435FB9 /* Info.plist */,
			);
			name = "Supporting Files";
			sourceTree = "<group>";
		};
		527D9F3A1A9FA9F500435FB9 /* Speech MedicTests */ = {
			isa = PBXGroup;
			children = (
				527D9F3D1A9FA9F500435FB9 /* Speech_MedicTests.swift */,
				527D9F3B1A9FA9F500435FB9 /* Supporting Files */,
			);
			path = "Speech MedicTests";
			sourceTree = "<group>";
		};
		527D9F3B1A9FA9F500435FB9 /* Supporting Files */ = {
			isa = PBXGroup;
			children = (
				527D9F3C1A9FA9F500435FB9 /* Info.plist */,
			);
			name = "Supporting Files";
			sourceTree = "<group>";
		};
/* End PBXGroup section */

/* Begin PBXNativeTarget section */
		527D9F1E1A9FA9F500435FB9 /* Speech Medic */ = {
			isa = PBXNativeTarget;
			buildConfigurationList = 527D9F411A9FA9F500435FB9 /* Build configuration list for PBXNativeTarget "Speech Medic" */;
			buildPhases = (
				527D9F1B1A9FA9F500435FB9 /* Sources */,
				527D9F1C1A9FA9F500435FB9 /* Frameworks */,
				527D9F1D1A9FA9F500435FB9 /* Resources */,
			);
			buildRules = (
			);
			dependencies = (
			);
			name = "Speech Medic";
			productName = "Speech Medic";
			productReference = 527D9F1F1A9FA9F500435FB9 /* Speech Medic.app */;
			productType = "com.apple.product-type.application";
		};
		527D9F361A9FA9F500435FB9 /* Speech MedicTests */ = {
			isa = PBXNativeTarget;
			buildConfigurationList = 527D9F441A9FA9F500435FB9 /* Build configuration list for PBXNativeTarget "Speech MedicTests" */;
			buildPhases = (
				527D9F331A9FA9F500435FB9 /* Sources */,
				527D9F341A9FA9F500435FB9 /* Frameworks */,
				527D9F351A9FA9F500435FB9 /* Resources */,
			);
			buildRules = (
			);
			dependencies = (
				527D9F391A9FA9F500435FB9 /* PBXTargetDependency */,
			);
			name = "Speech MedicTests";
			productName = "Speech MedicTests";
			productReference = 527D9F371A9FA9F500435FB9 /* Speech MedicTests.xctest */;
			productType = "com.apple.product-type.bundle.unit-test";
		};
/* End PBXNativeTarget section */

/* Begin PBXProject section */
		527D9F171A9FA9F500435FB9 /* Project object */ = {
			isa = PBXProject;
			attributes = {
				LastUpgradeCheck = 0610;
				ORGANIZATIONNAME = Jacob;
				TargetAttributes = {
					527D9F1E1A9FA9F500435FB9 = {
						CreatedOnToolsVersion = 6.1.1;
					};
					527D9F361A9FA9F500435FB9 = {
						CreatedOnToolsVersion = 6.1.1;
						TestTargetID = 527D9F1E1A9FA9F500435FB9;
					};
				};
			};
			buildConfigurationList = 527D9F1A1A9FA9F500435FB9 /* Build configuration list for PBXProject "Speech Medic" */;
			compatibilityVersion = "Xcode 3.2";
			developmentRegion = English;
			hasScannedForEncodings = 0;
			knownRegions = (
				en,
				Base,
			);
			mainGroup = 527D9F161A9FA9F500435FB9;
			productRefGroup = 527D9F201A9FA9F500435FB9 /* Products */;
			projectDirPath = "";
			projectRoot = "";
			targets = (
				527D9F1E1A9FA9F500435FB9 /* Speech Medic */,
				527D9F361A9FA9F500435FB9 /* Speech MedicTests */,
			);
		};
/* End PBXProject section */

/* Begin PBXResourcesBuildPhase section */
		527D9F1D1A9FA9F500435FB9 /* Resources */ = {
			isa = PBXResourcesBuildPhase;
			buildActionMask = 2147483647;
			files = (
				527D9F2D1A9FA9F500435FB9 /* Main.storyboard in Resources */,
				527D9F321A9FA9F500435FB9 /* LaunchScreen.xib in Resources */,
				527D9F2F1A9FA9F500435FB9 /* Images.xcassets in Resources */,
			);
			runOnlyForDeploymentPostprocessing = 0;
		};
		527D9F351A9FA9F500435FB9 /* Resources */ = {
			isa = PBXResourcesBuildPhase;
			buildActionMask = 2147483647;
			files = (
			);
			runOnlyForDeploymentPostprocessing = 0;
		};
/* End PBXResourcesBuildPhase section */

/* Begin PBXSourcesBuildPhase section */
		527D9F1B1A9FA9F500435FB9 /* Sources */ = {
			isa = PBXSourcesBuildPhase;
			buildActionMask = 2147483647;
			files = (
				527D9F481A9FAA6F00435FB9 /* PatientsViewController.swift in Sources */,
				527D9F281A9FA9F500435FB9 /* Speech_Medic.xcdatamodeld in Sources */,
				527D9F251A9FA9F500435FB9 /* AppDelegate.swift in Sources */,
			);
			runOnlyForDeploymentPostprocessing = 0;
		};
		527D9F331A9FA9F500435FB9 /* Sources */ = {
			isa = PBXSourcesBuildPhase;
			buildActionMask = 2147483647;
			files = (
				527D9F3E1A9FA9F500435FB9 /* Speech_MedicTests.swift in Sources */,
			);
			runOnlyForDeploymentPostprocessing = 0;
		};
/* End PBXSourcesBuildPhase section */

/* Begin PBXTargetDependency section */
		527D9F391A9FA9F500435FB9 /* PBXTargetDependency */ = {
			isa = PBXTargetDependency;
			target = 527D9F1E1A9FA9F500435FB9 /* Speech Medic */;
			targetProxy = 527D9F381A9FA9F500435FB9 /* PBXContainerItemProxy */;
		};
/* End PBXTargetDependency section */

/* Begin PBXVariantGroup section */
		527D9F2B1A9FA9F500435FB9 /* Main.storyboard */ = {
			isa = PBXVariantGroup;
			children = (
				527D9F2C1A9FA9F500435FB9 /* Base */,
			);
			name = Main.storyboard;
			sourceTree = "<group>";
		};
		527D9F301A9FA9F500435FB9 /* LaunchScreen.xib */ = {
			isa = PBXVariantGroup;
			children = (
				527D9F311A9FA9F500435FB9 /* Base */,
			);
			name = LaunchScreen.xib;
			sourceTree = "<group>";
		};
/* End PBXVariantGroup section */

/* Begin XCBuildConfiguration section */
		527D9F3F1A9FA9F500435FB9 /* Debug */ = {
			isa = XCBuildConfiguration;
			buildSettings = {
				ALWAYS_SEARCH_USER_PATHS = NO;
				CLANG_CXX_LANGUAGE_STANDARD = "gnu++0x";
				CLANG_CXX_LIBRARY = "libc++";
				CLANG_ENABLE_MODULES = YES;
				CLANG_ENABLE_OBJC_ARC = YES;
				CLANG_WARN_BOOL_CONVERSION = YES;
				CLANG_WARN_CONSTANT_CONVERSION = YES;
				CLANG_WARN_DIRECT_OBJC_ISA_USAGE = YES_ERROR;
				CLANG_WARN_EMPTY_BODY = YES;
				CLANG_WARN_ENUM_CONVERSION = YES;
				CLANG_WARN_INT_CONVERSION = YES;
				CLANG_WARN_OBJC_ROOT_CLASS = YES_ERROR;
				CLANG_WARN_UNREACHABLE_CODE = YES;
				CLANG_WARN__DUPLICATE_METHOD_MATCH = YES;
				"CODE_SIGN_IDENTITY[sdk=iphoneos*]" = "iPhone Developer";
				COPY_PHASE_STRIP = NO;
				ENABLE_STRICT_OBJC_MSGSEND = YES;
				GCC_C_LANGUAGE_STANDARD = gnu99;
				GCC_DYNAMIC_NO_PIC = NO;
				GCC_OPTIMIZATION_LEVEL = 0;
				GCC_PREPROCESSOR_DEFINITIONS = (
					"DEBUG=1",
					"$(inherited)",
				);
				GCC_SYMBOLS_PRIVATE_EXTERN = NO;
				GCC_WARN_64_TO_32_BIT_CONVERSION = YES;
				GCC_WARN_ABOUT_RETURN_TYPE = YES_ERROR;
				GCC_WARN_UNDECLARED_SELECTOR = YES;
				GCC_WARN_UNINITIALIZED_AUTOS = YES_AGGRESSIVE;
				GCC_WARN_UNUSED_FUNCTION = YES;
				GCC_WARN_UNUSED_VARIABLE = YES;
				IPHONEOS_DEPLOYMENT_TARGET = 8.1;
				MTL_ENABLE_DEBUG_INFO = YES;
				ONLY_ACTIVE_ARCH = YES;
				SDKROOT = iphoneos;
				SWIFT_OPTIMIZATION_LEVEL = "-Onone";
			};
			name = Debug;
		};
		527D9F401A9FA9F500435FB9 /* Release */ = {
			isa = XCBuildConfiguration;
			buildSettings = {
				ALWAYS_SEARCH_USER_PATHS = NO;
				CLANG_CXX_LANGUAGE_STANDARD = "gnu++0x";
				CLANG_CXX_LIBRARY = "libc++";
				CLANG_ENABLE_MODULES = YES;
				CLANG_ENABLE_OBJC_ARC = YES;
				CLANG_WARN_BOOL_CONVERSION = YES;
				CLANG_WARN_CONSTANT_CONVERSION = YES;
				CLANG_WARN_DIRECT_OBJC_ISA_USAGE = YES_ERROR;
				CLANG_WARN_EMPTY_BODY = YES;
				CLANG_WARN_ENUM_CONVERSION = YES;
				CLANG_WARN_INT_CONVERSION = YES;
				CLANG_WARN_OBJC_ROOT_CLASS = YES_ERROR;
				CLANG_WARN_UNREACHABLE_CODE = YES;
				CLANG_WARN__DUPLICATE_METHOD_MATCH = YES;
				"CODE_SIGN_IDENTITY[sdk=iphoneos*]" = "iPhone Developer";
				COPY_PHASE_STRIP = YES;
				ENABLE_NS_ASSERTIONS = NO;
				ENABLE_STRICT_OBJC_MSGSEND = YES;
				GCC_C_LANGUAGE_STANDARD = gnu99;
				GCC_WARN_64_TO_32_BIT_CONVERSION = YES;
				GCC_WARN_ABOUT_RETURN_TYPE = YES_ERROR;
				GCC_WARN_UNDECLARED_SELECTOR = YES;
				GCC_WARN_UNINITIALIZED_AUTOS = YES_AGGRESSIVE;
				GCC_WARN_UNUSED_FUNCTION = YES;
				GCC_WARN_UNUSED_VARIABLE = YES;
				IPHONEOS_DEPLOYMENT_TARGET = 8.1;
				MTL_ENABLE_DEBUG_INFO = NO;
				SDKROOT = iphoneos;
				VALIDATE_PRODUCT = YES;
			};
			name = Release;
		};
		527D9F421A9FA9F500435FB9 /* Debug */ = {
			isa = XCBuildConfiguration;
			buildSettings = {
				ASSETCATALOG_COMPILER_APPICON_NAME = AppIcon;
				INFOPLIST_FILE = "Speech Medic/Info.plist";
				LD_RUNPATH_SEARCH_PATHS = "$(inherited) @executable_path/Frameworks";
				PRODUCT_NAME = "$(TARGET_NAME)";
			};
			name = Debug;
		};
		527D9F431A9FA9F500435FB9 /* Release */ = {
			isa = XCBuildConfiguration;
			buildSettings = {
				ASSETCATALOG_COMPILER_APPICON_NAME = AppIcon;
				INFOPLIST_FILE = "Speech Medic/Info.plist";
				LD_RUNPATH_SEARCH_PATHS = "$(inherited) @executable_path/Frameworks";
				PRODUCT_NAME = "$(TARGET_NAME)";
			};
			name = Release;
		};
		527D9F451A9FA9F500435FB9 /* Debug */ = {
			isa = XCBuildConfiguration;
			buildSettings = {
				BUNDLE_LOADER = "$(TEST_HOST)";
				FRAMEWORK_SEARCH_PATHS = (
					"$(SDKROOT)/Developer/Library/Frameworks",
					"$(inherited)",
				);
				GCC_PREPROCESSOR_DEFINITIONS = (
					"DEBUG=1",
					"$(inherited)",
				);
				INFOPLIST_FILE = "Speech MedicTests/Info.plist";
				LD_RUNPATH_SEARCH_PATHS = "$(inherited) @executable_path/Frameworks @loader_path/Frameworks";
				PRODUCT_NAME = "$(TARGET_NAME)";
				TEST_HOST = "$(BUILT_PRODUCTS_DIR)/Speech Medic.app/Speech Medic";
			};
			name = Debug;
		};
		527D9F461A9FA9F500435FB9 /* Release */ = {
			isa = XCBuildConfiguration;
			buildSettings = {
				BUNDLE_LOADER = "$(TEST_HOST)";
				FRAMEWORK_SEARCH_PATHS = (
					"$(SDKROOT)/Developer/Library/Frameworks",
					"$(inherited)",
				);
				INFOPLIST_FILE = "Speech MedicTests/Info.plist";
				LD_RUNPATH_SEARCH_PATHS = "$(inherited) @executable_path/Frameworks @loader_path/Frameworks";
				PRODUCT_NAME = "$(TARGET_NAME)";
				TEST_HOST = "$(BUILT_PRODUCTS_DIR)/Speech Medic.app/Speech Medic";
			};
			name = Release;
		};
/* End XCBuildConfiguration section */

/* Begin XCConfigurationList section */
		527D9F1A1A9FA9F500435FB9 /* Build configuration list for PBXProject "Speech Medic" */ = {
			isa = XCConfigurationList;
			buildConfigurations = (
				527D9F3F1A9FA9F500435FB9 /* Debug */,
				527D9F401A9FA9F500435FB9 /* Release */,
			);
			defaultConfigurationIsVisible = 0;
			defaultConfigurationName = Release;
		};
		527D9F411A9FA9F500435FB9 /* Build configuration list for PBXNativeTarget "Speech Medic" */ = {
			isa = XCConfigurationList;
			buildConfigurations = (
				527D9F421A9FA9F500435FB9 /* Debug */,
				527D9F431A9FA9F500435FB9 /* Release */,
			);
			defaultConfigurationIsVisible = 0;
		};
		527D9F441A9FA9F500435FB9 /* Build configuration list for PBXNativeTarget "Speech MedicTests" */ = {
			isa = XCConfigurationList;
			buildConfigurations = (
				527D9F451A9FA9F500435FB9 /* Debug */,
				527D9F461A9FA9F500435FB9 /* Release */,
			);
			defaultConfigurationIsVisible = 0;
		};
/* End XCConfigurationList section */

/* Begin XCVersionGroup section */
		527D9F261A9FA9F500435FB9 /* Speech_Medic.xcdatamodeld */ = {
			isa = XCVersionGroup;
			children = (
				527D9F271A9FA9F500435FB9 /* Speech_Medic.xcdatamodel */,
			);
			currentVersion = 527D9F271A9FA9F500435FB9 /* Speech_Medic.xcdatamodel */;
			path = Speech_Medic.xcdatamodeld;
			sourceTree = "<group>";
			versionGroupType = wrapper.xcdatamodel;
		};
/* End XCVersionGroup section */
	};
	rootObject = 527D9F171A9FA9F500435FB9 /* Project object */;
}
